
Microsoft Visual Studio Solution File, Format Version 12.00
# Visual Studio Version 17
VisualStudioVersion = 17.11.35327.3
MinimumVisualStudioVersion = 10.0.40219.1
Project("{FAE04EC0-301F-11D3-BF4B-00C04F79EFBC}") = "ModelDataUsingViewData", "ModelDataUsingViewData.csproj", "{635231DF-4A33-4C7C-9AB4-F77133898BDF}"
EndProject
Global
	GlobalSection(SolutionConfigurationPlatforms) = preSolution
		Debug|Any CPU = Debug|Any CPU
		Release|Any CPU = Release|Any CPU
	EndGlobalSection
	GlobalSection(ProjectConfigurationPlatforms) = postSolution
		{635231DF-4A33-4C7C-9AB4-F77133898BDF}.Debug|Any CPU.ActiveCfg = Debug|Any CPU
		{635231DF-4A33-4C7C-9AB4-F77133898BDF}.Debug|Any CPU.Build.0 = Debug|Any CPU
		{635231DF-4A33-4C7C-9AB4-F77133898BDF}.Release|Any CPU.ActiveCfg = Release|Any CPU
		{635231DF-4A33-4C7C-9AB4-F77133898BDF}.Release|Any CPU.Build.0 = Release|Any CPU
	EndGlobalSection
	GlobalSection(SolutionProperties) = preSolution
		HideSolutionNode = FALSE
	EndGlobalSection
	GlobalSection(ExtensibilityGlobals) = postSolution
		SolutionGuid = {EA4C9B66-9F56-4515-8E8C-28B5FDC73E38}
	EndGlobalSection
EndGlobal
